github.com/GoKillers/libsodium-go v0.0.0-20171022220152-dd733721c3cb h1:ilqSFSbR1fq6x88heeHrvAqlg+ES+tZk2ZcaCmiH1gI=
github.com/GoKillers/libsodium-go v0.0.0-20171022220152-dd733721c3cb/go.mod h1:72TQeEkiDH9QMXZa5nJJvZre0UjqqO67X2QEIoOwCRU=
github.com/google/gofuzz v1.0.0 h1:A8PeW59pxE9IoFRqBp37U+mSNaQoZ46F1f0f863XSXw=
github.com/google/gofuzz v1.0.0/go.mod h1:dBl0BpW6vV/+mYPU4Po3pmUjxk6FQPldtuIdl/M65Eg=
